
Microsoft Visual Studio Solution File, Format Version 12.00
# Visual Studio Version 16
VisualStudioVersion = 16.0.30011.22
MinimumVisualStudioVersion = 10.0.40219.1
Project("{8BC9CEB8-8B4A-11D0-8D11-00A0C91BC942}") = "sha-384_implementation", "sha-384_implementation\sha-384_implementation.vcxproj", "{D43E6BC6-83A2-4DEA-9CD8-0CB2B2FFA0EB}"
EndProject
Global
	GlobalSection(SolutionConfigurationPlatforms) = preSolution
		Debug|x64 = Debug|x64
		Debug|x86 = Debug|x86
		Release|x64 = Release|x64
		Release|x86 = Release|x86
	EndGlobalSection
	GlobalSection(ProjectConfigurationPlatforms) = postSolution
		{D43E6BC6-83A2-4DEA-9CD8-0CB2B2FFA0EB}.Debug|x64.ActiveCfg = Debug|x64
		{D43E6BC6-83A2-4DEA-9CD8-0CB2B2FFA0EB}.Debug|x64.Build.0 = Debug|x64
		{D43E6BC6-83A2-4DEA-9CD8-0CB2B2FFA0EB}.Debug|x86.ActiveCfg = Debug|Win32
		{D43E6BC6-83A2-4DEA-9CD8-0CB2B2FFA0EB}.Debug|x86.Build.0 = Debug|Win32
		{D43E6BC6-83A2-4DEA-9CD8-0CB2B2FFA0EB}.Release|x64.ActiveCfg = Release|x64
		{D43E6BC6-83A2-4DEA-9CD8-0CB2B2FFA0EB}.Release|x64.Build.0 = Release|x64
		{D43E6BC6-83A2-4DEA-9CD8-0CB2B2FFA0EB}.Release|x86.ActiveCfg = Release|Win32
		{D43E6BC6-83A2-4DEA-9CD8-0CB2B2FFA0EB}.Release|x86.Build.0 = Release|Win32
	EndGlobalSection
	GlobalSection(SolutionProperties) = preSolution
		HideSolutionNode = FALSE
	EndGlobalSection
	GlobalSection(ExtensibilityGlobals) = postSolution
		SolutionGuid = {E2CE1235-06DB-45B9-A9EA-E0EF1BA77474}
	EndGlobalSection
EndGlobal
